
Microsoft Visual Studio Solution File, Format Version 12.00
# Visual Studio 15
Project("{FAE04EC0-301F-11D3-BF4B-00C04F79EFBC}") = "Assembly-CSharp", "Assembly-CSharp.csproj", "{7E83CCF7-724F-8CE3-55FD-59C883B5A284}"
EndProject
Project("{FAE04EC0-301F-11D3-BF4B-00C04F79EFBC}") = "Assembly-CSharp-Editor", "Assembly-CSharp-Editor.csproj", "{2F559B72-883A-44DB-85BF-351D41C32034}"
EndProject
Global
	GlobalSection(SolutionConfigurationPlatforms) = preSolution
		Debug|Any CPU = Debug|Any CPU
		Release|Any CPU = Release|Any CPU
	EndGlobalSection
	GlobalSection(ProjectConfigurationPlatforms) = postSolution
		{7E83CCF7-724F-8CE3-55FD-59C883B5A284}.Debug|Any CPU.ActiveCfg = Debug|Any CPU
		{7E83CCF7-724F-8CE3-55FD-59C883B5A284}.Debug|Any CPU.Build.0 = Debug|Any CPU
		{7E83CCF7-724F-8CE3-55FD-59C883B5A284}.Release|Any CPU.ActiveCfg = Release|Any CPU
		{7E83CCF7-724F-8CE3-55FD-59C883B5A284}.Release|Any CPU.Build.0 = Release|Any CPU
		{2F559B72-883A-44DB-85BF-351D41C32034}.Debug|Any CPU.ActiveCfg = Debug|Any CPU
		{2F559B72-883A-44DB-85BF-351D41C32034}.Debug|Any CPU.Build.0 = Debug|Any CPU
		{2F559B72-883A-44DB-85BF-351D41C32034}.Release|Any CPU.ActiveCfg = Release|Any CPU
		{2F559B72-883A-44DB-85BF-351D41C32034}.Release|Any CPU.Build.0 = Release|Any CPU
	EndGlobalSection
	GlobalSection(SolutionProperties) = preSolution
		HideSolutionNode = FALSE
	EndGlobalSection
EndGlobal
